
Microsoft Visual Studio Solution File, Format Version 12.00
# Visual Studio Version 17
VisualStudioVersion = 17.5.002.0
MinimumVisualStudioVersion = 10.0.40219.1
Project("{9A19103F-16F7-4668-BE54-9A1E7A4F7556}") = "WebInvManagement", "WebInvManagement.csproj", "{8C0FFD9F-977C-41BD-9738-CD0B38E4A4C2}"
EndProject
Global
	GlobalSection(SolutionConfigurationPlatforms) = preSolution
		Debug|Any CPU = Debug|Any CPU
		Release|Any CPU = Release|Any CPU
	EndGlobalSection
	GlobalSection(ProjectConfigurationPlatforms) = postSolution
		{8C0FFD9F-977C-41BD-9738-CD0B38E4A4C2}.Debug|Any CPU.ActiveCfg = Debug|Any CPU
		{8C0FFD9F-977C-41BD-9738-CD0B38E4A4C2}.Debug|Any CPU.Build.0 = Debug|Any CPU
		{8C0FFD9F-977C-41BD-9738-CD0B38E4A4C2}.Release|Any CPU.ActiveCfg = Release|Any CPU
		{8C0FFD9F-977C-41BD-9738-CD0B38E4A4C2}.Release|Any CPU.Build.0 = Release|Any CPU
	EndGlobalSection
	GlobalSection(SolutionProperties) = preSolution
		HideSolutionNode = FALSE
	EndGlobalSection
	GlobalSection(ExtensibilityGlobals) = postSolution
		SolutionGuid = {966AC8FF-5E11-4EB8-BD4A-70F6555233DC}
	EndGlobalSection
EndGlobal
